// !$*UTF8*$!
{
	archiveVersion = 1;
	classes = {
	};
	objectVersion = 46;
	objects = {

/* Begin PBXBuildFile section */
		48883BDA1A17BD4F00175A9E /* main.m in Sources */ = {isa = PBXBuildFile; fileRef = 48883BD91A17BD4F00175A9E /* main.m */; };
		48883BDD1A17BD4F00175A9E /* AppDelegate.m in Sources */ = {isa = PBXBuildFile; fileRef = 48883BDC1A17BD4F00175A9E /* AppDelegate.m */; };
		48883BE01A17BD4F00175A9E /* ViewController.m in Sources */ = {isa = PBXBuildFile; fileRef = 48883BDF1A17BD4F00175A9E /* ViewController.m */; };
		48883BE31A17BD4F00175A9E /* Main.storyboard in Resources */ = {isa = PBXBuildFile; fileRef = 48883BE11A17BD4F00175A9E /* Main.storyboard */; };
		48883BE51A17BD4F00175A9E /* Images.xcassets in Resources */ = {isa = PBXBuildFile; fileRef = 48883BE41A17BD4F00175A9E /* Images.xcassets */; };
		48883BE81A17BD4F00175A9E /* LaunchScreen.xib in Resources */ = {isa = PBXBuildFile; fileRef = 48883BE61A17BD4F00175A9E /* LaunchScreen.xib */; };
		48883BF41A17BD4F00175A9E /* HelloWord2ExampleTests.m in Sources */ = {isa = PBXBuildFile; fileRef = 48883BF31A17BD4F00175A9E /* HelloWord2ExampleTests.m */; };
/* End PBXBuildFile section */

/* Begin PBXContainerItemProxy section */
		48883BEE1A17BD4F00175A9E /* PBXContainerItemProxy */ = {
			isa = PBXContainerItemProxy;
			containerPortal = 48883BCC1A17BD4F00175A9E /* Project object */;
			proxyType = 1;
			remoteGlobalIDString = 48883BD31A17BD4F00175A9E;
			remoteInfo = HelloWord2Example;
		};
/* End PBXContainerItemProxy section */

/* Begin PBXFileReference section */
		48883BD41A17BD4F00175A9E /* HelloWord2Example.app */ = {isa = PBXFileReference; explicitFileType = wrapper.application; includeInIndex = 0; path = HelloWord2Example.app; sourceTree = BUILT_PRODUCTS_DIR; };
		48883BD81A17BD4F00175A9E /* Info.plist */ = {isa = PBXFileReference; lastKnownFileType = text.plist.xml; path = Info.plist; sourceTree = "<group>"; };
		48883BD91A17BD4F00175A9E /* main.m */ = {isa = PBXFileReference; lastKnownFileType = sourcecode.c.objc; path = main.m; sourceTree = "<group>"; };
		48883BDB1A17BD4F00175A9E /* AppDelegate.h */ = {isa = PBXFileReference; lastKnownFileType = sourcecode.c.h; path = AppDelegate.h; sourceTree = "<group>"; };
		48883BDC1A17BD4F00175A9E /* AppDelegate.m */ = {isa = PBXFileReference; lastKnownFileType = sourcecode.c.objc; path = AppDelegate.m; sourceTree = "<group>"; };
		48883BDE1A17BD4F00175A9E /* ViewController.h */ = {isa = PBXFileReference; lastKnownFileType = sourcecode.c.h; path = ViewController.h; sourceTree = "<group>"; };
		48883BDF1A17BD4F00175A9E /* ViewController.m */ = {isa = PBXFileReference; lastKnownFileType = sourcecode.c.objc; path = ViewController.m; sourceTree = "<group>"; };
		48883BE21A17BD4F00175A9E /* Base */ = {isa = PBXFileReference; lastKnownFileType = file.storyboard; name = Base; path = Base.lproj/Main.storyboard; sourceTree = "<group>"; };
		48883BE41A17BD4F00175A9E /* Images.xcassets */ = {isa = PBXFileReference; lastKnownFileType = folder.assetcatalog; path = Images.xcassets; sourceTree = "<group>"; };
		48883BE71A17BD4F00175A9E /* Base */ = {isa = PBXFileReference; lastKnownFileType = file.xib; name = Base; path = Base.lproj/LaunchScreen.xib; sourceTree = "<group>"; };
		48883BED1A17BD4F00175A9E /* HelloWord2ExampleTests.xctest */ = {isa = PBXFileReference; explicitFileType = wrapper.cfbundle; includeInIndex = 0; path = HelloWord2ExampleTests.xctest; sourceTree = BUILT_PRODUCTS_DIR; };
		48883BF21A17BD4F00175A9E /* Info.plist */ = {isa = PBXFileReference; lastKnownFileType = text.plist.xml; path = Info.plist; sourceTree = "<group>"; };
		48883BF31A17BD4F00175A9E /* HelloWord2ExampleTests.m */ = {isa = PBXFileReference; lastKnownFileType = sourcecode.c.objc; path = HelloWord2ExampleTests.m; sourceTree = "<group>"; };
/* End PBXFileReference section */

/* Begin PBXFrameworksBuildPhase section */
		48883BD11A17BD4F00175A9E /* Frameworks */ = {
			isa = PBXFrameworksBuildPhase;
			buildActionMask = 2147483647;
			files = (
			);
			runOnlyForDeploymentPostprocessing = 0;
		};
		48883BEA1A17BD4F00175A9E /* Frameworks */ = {
			isa = PBXFrameworksBuildPhase;
			buildActionMask = 2147483647;
			files = (
			);
			runOnlyForDeploymentPostprocessing = 0;
		};
/* End PBXFrameworksBuildPhase section */

/* Begin PBXGroup section */
		48883BCB1A17BD4F00175A9E = {
			isa = PBXGroup;
			children = (
				48883BD61A17BD4F00175A9E /* HelloWord2Example */,
				48883BF01A17BD4F00175A9E /* HelloWord2ExampleTests */,
				48883BD51A17BD4F00175A9E /* Products */,
			);
			sourceTree = "<group>";
		};
		48883BD51A17BD4F00175A9E /* Products */ = {
			isa = PBXGroup;
			children = (
				48883BD41A17BD4F00175A9E /* HelloWord2Example.app */,
				48883BED1A17BD4F00175A9E /* HelloWord2ExampleTests.xctest */,
			);
			name = Products;
			sourceTree = "<group>";
		};
		48883BD61A17BD4F00175A9E /* HelloWord2Example */ = {
			isa = PBXGroup;
			children = (
				48883BDB1A17BD4F00175A9E /* AppDelegate.h */,
				48883BDC1A17BD4F00175A9E /* AppDelegate.m */,
				48883BDE1A17BD4F00175A9E /* ViewController.h */,
				48883BDF1A17BD4F00175A9E /* ViewController.m */,
				48883BE11A17BD4F00175A9E /* Main.storyboard */,
				48883BE41A17BD4F00175A9E /* Images.xcassets */,
				48883BE61A17BD4F00175A9E /* LaunchScreen.xib */,
				48883BD71A17BD4F00175A9E /* Supporting Files */,
			);
			path = HelloWord2Example;
			sourceTree = "<group>";
		};
		48883BD71A17BD4F00175A9E /* Supporting Files */ = {
			isa = PBXGroup;
			children = (
				48883BD81A17BD4F00175A9E /* Info.plist */,
				48883BD91A17BD4F00175A9E /* main.m */,
			);
			name = "Supporting Files";
			sourceTree = "<group>";
		};
		48883BF01A17BD4F00175A9E /* HelloWord2ExampleTests */ = {
			isa = PBXGroup;
			children = (
				48883BF31A17BD4F00175A9E /* HelloWord2ExampleTests.m */,
				48883BF11A17BD4F00175A9E /* Supporting Files */,
			);
			path = HelloWord2ExampleTests;
			sourceTree = "<group>";
		};
		48883BF11A17BD4F00175A9E /* Supporting Files */ = {
			isa = PBXGroup;
			children = (
				48883BF21A17BD4F00175A9E /* Info.plist */,
			);
			name = "Supporting Files";
			sourceTree = "<group>";
		};
/* End PBXGroup section */

/* Begin PBXNativeTarget section */
		48883BD31A17BD4F00175A9E /* HelloWord2Example */ = {
			isa = PBXNativeTarget;
			buildConfigurationList = 48883BF71A17BD4F00175A9E /* Build configuration list for PBXNativeTarget "HelloWord2Example" */;
			buildPhases = (
				48883BD01A17BD4F00175A9E /* Sources */,
				48883BD11A17BD4F00175A9E /* Frameworks */,
				48883BD21A17BD4F00175A9E /* Resources */,
			);
			buildRules = (
			);
			dependencies = (
			);
			name = HelloWord2Example;
			productName = HelloWord2Example;
			productReference = 48883BD41A17BD4F00175A9E /* HelloWord2Example.app */;
			productType = "com.apple.product-type.application";
		};
		48883BEC1A17BD4F00175A9E /* HelloWord2ExampleTests */ = {
			isa = PBXNativeTarget;
			buildConfigurationList = 48883BFA1A17BD4F00175A9E /* Build configuration list for PBXNativeTarget "HelloWord2ExampleTests" */;
			buildPhases = (
				48883BE91A17BD4F00175A9E /* Sources */,
				48883BEA1A17BD4F00175A9E /* Frameworks */,
				48883BEB1A17BD4F00175A9E /* Resources */,
			);
			buildRules = (
			);
			dependencies = (
				48883BEF1A17BD4F00175A9E /* PBXTargetDependency */,
			);
			name = HelloWord2ExampleTests;
			productName = HelloWord2ExampleTests;
			productReference = 48883BED1A17BD4F00175A9E /* HelloWord2ExampleTests.xctest */;
			productType = "com.apple.product-type.bundle.unit-test";
		};
/* End PBXNativeTarget section */

/* Begin PBXProject section */
		48883BCC1A17BD4F00175A9E /* Project object */ = {
			isa = PBXProject;
			attributes = {
				LastUpgradeCheck = 0600;
				ORGANIZATIONNAME = VINControl;
				TargetAttributes = {
					48883BD31A17BD4F00175A9E = {
						CreatedOnToolsVersion = 6.0.1;
					};
					48883BEC1A17BD4F00175A9E = {
						CreatedOnToolsVersion = 6.0.1;
						TestTargetID = 48883BD31A17BD4F00175A9E;
					};
				};
			};
			buildConfigurationList = 48883BCF1A17BD4F00175A9E /* Build configuration list for PBXProject "HelloWord2Example" */;
			compatibilityVersion = "Xcode 3.2";
			developmentRegion = English;
			hasScannedForEncodings = 0;
			knownRegions = (
				en,
				Base,
			);
			mainGroup = 48883BCB1A17BD4F00175A9E;
			productRefGroup = 48883BD51A17BD4F00175A9E /* Products */;
			projectDirPath = "";
			projectRoot = "";
			targets = (
				48883BD31A17BD4F00175A9E /* HelloWord2Example */,
				48883BEC1A17BD4F00175A9E /* HelloWord2ExampleTests */,
			);
		};
/* End PBXProject section */

/* Begin PBXResourcesBuildPhase section */
		48883BD21A17BD4F00175A9E /* Resources */ = {
			isa = PBXResourcesBuildPhase;
			buildActionMask = 2147483647;
			files = (
				48883BE31A17BD4F00175A9E /* Main.storyboard in Resources */,
				48883BE81A17BD4F00175A9E /* LaunchScreen.xib in Resources */,
				48883BE51A17BD4F00175A9E /* Images.xcassets in Resources */,
			);
			runOnlyForDeploymentPostprocessing = 0;
		};
		48883BEB1A17BD4F00175A9E /* Resources */ = {
			isa = PBXResourcesBuildPhase;
			buildActionMask = 2147483647;
			files = (
			);
			runOnlyForDeploymentPostprocessing = 0;
		};
/* End PBXResourcesBuildPhase section */

/* Begin PBXSourcesBuildPhase section */
		48883BD01A17BD4F00175A9E /* Sources */ = {
			isa = PBXSourcesBuildPhase;
			buildActionMask = 2147483647;
			files = (
				48883BE01A17BD4F00175A9E /* ViewController.m in Sources */,
				48883BDD1A17BD4F00175A9E /* AppDelegate.m in Sources */,
				48883BDA1A17BD4F00175A9E /* main.m in Sources */,
			);
			runOnlyForDeploymentPostprocessing = 0;
		};
		48883BE91A17BD4F00175A9E /* Sources */ = {
			isa = PBXSourcesBuildPhase;
			buildActionMask = 2147483647;
			files = (
				48883BF41A17BD4F00175A9E /* HelloWord2ExampleTests.m in Sources */,
			);
			runOnlyForDeploymentPostprocessing = 0;
		};
/* End PBXSourcesBuildPhase section */

/* Begin PBXTargetDependency section */
		48883BEF1A17BD4F00175A9E /* PBXTargetDependency */ = {
			isa = PBXTargetDependency;
			target = 48883BD31A17BD4F00175A9E /* HelloWord2Example */;
			targetProxy = 48883BEE1A17BD4F00175A9E /* PBXContainerItemProxy */;
		};
/* End PBXTargetDependency section */

/* Begin PBXVariantGroup section */
		48883BE11A17BD4F00175A9E /* Main.storyboard */ = {
			isa = PBXVariantGroup;
			children = (
				48883BE21A17BD4F00175A9E /* Base */,
			);
			name = Main.storyboard;
			sourceTree = "<group>";
		};
		48883BE61A17BD4F00175A9E /* LaunchScreen.xib */ = {
			isa = PBXVariantGroup;
			children = (
				48883BE71A17BD4F00175A9E /* Base */,
			);
			name = LaunchScreen.xib;
			sourceTree = "<group>";
		};
/* End PBXVariantGroup section */

/* Begin XCBuildConfiguration section */
		48883BF51A17BD4F00175A9E /* Debug */ = {
			isa = XCBuildConfiguration;
			buildSettings = {
				ALWAYS_SEARCH_USER_PATHS = NO;
				CLANG_CXX_LANGUAGE_STANDARD = "gnu++0x";
				CLANG_CXX_LIBRARY = "libc++";
				CLANG_ENABLE_MODULES = YES;
				CLANG_ENABLE_OBJC_ARC = YES;
				CLANG_WARN_BOOL_CONVERSION = YES;
				CLANG_WARN_CONSTANT_CONVERSION = YES;
				CLANG_WARN_DIRECT_OBJC_ISA_USAGE = YES_ERROR;
				CLANG_WARN_EMPTY_BODY = YES;
				CLANG_WARN_ENUM_CONVERSION = YES;
				CLANG_WARN_INT_CONVERSION = YES;
				CLANG_WARN_OBJC_ROOT_CLASS = YES_ERROR;
				CLANG_WARN_UNREACHABLE_CODE = YES;
				CLANG_WARN__DUPLICATE_METHOD_MATCH = YES;
				"CODE_SIGN_IDENTITY[sdk=iphoneos*]" = "iPhone Developer";
				COPY_PHASE_STRIP = NO;
				ENABLE_STRICT_OBJC_MSGSEND = YES;
				GCC_C_LANGUAGE_STANDARD = gnu99;
				GCC_DYNAMIC_NO_PIC = NO;
				GCC_OPTIMIZATION_LEVEL = 0;
				GCC_PREPROCESSOR_DEFINITIONS = (
					"DEBUG=1",
					"$(inherited)",
				);
				GCC_SYMBOLS_PRIVATE_EXTERN = NO;
				GCC_WARN_64_TO_32_BIT_CONVERSION = YES;
				GCC_WARN_ABOUT_RETURN_TYPE = YES_ERROR;
				GCC_WARN_UNDECLARED_SELECTOR = YES;
				GCC_WARN_UNINITIALIZED_AUTOS = YES_AGGRESSIVE;
				GCC_WARN_UNUSED_FUNCTION = YES;
				GCC_WARN_UNUSED_VARIABLE = YES;
				IPHONEOS_DEPLOYMENT_TARGET = 8.0;
				MTL_ENABLE_DEBUG_INFO = YES;
				ONLY_ACTIVE_ARCH = YES;
				SDKROOT = iphoneos;
			};
			name = Debug;
		};
		48883BF61A17BD4F00175A9E /* Release */ = {
			isa = XCBuildConfiguration;
			buildSettings = {
				ALWAYS_SEARCH_USER_PATHS = NO;
				CLANG_CXX_LANGUAGE_STANDARD = "gnu++0x";
				CLANG_CXX_LIBRARY = "libc++";
				CLANG_ENABLE_MODULES = YES;
				CLANG_ENABLE_OBJC_ARC = YES;
				CLANG_WARN_BOOL_CONVERSION = YES;
				CLANG_WARN_CONSTANT_CONVERSION = YES;
				CLANG_WARN_DIRECT_OBJC_ISA_USAGE = YES_ERROR;
				CLANG_WARN_EMPTY_BODY = YES;
				CLANG_WARN_ENUM_CONVERSION = YES;
				CLANG_WARN_INT_CONVERSION = YES;
				CLANG_WARN_OBJC_ROOT_CLASS = YES_ERROR;
				CLANG_WARN_UNREACHABLE_CODE = YES;
				CLANG_WARN__DUPLICATE_METHOD_MATCH = YES;
				"CODE_SIGN_IDENTITY[sdk=iphoneos*]" = "iPhone Developer";
				COPY_PHASE_STRIP = YES;
				ENABLE_NS_ASSERTIONS = NO;
				ENABLE_STRICT_OBJC_MSGSEND = YES;
				GCC_C_LANGUAGE_STANDARD = gnu99;
				GCC_WARN_64_TO_32_BIT_CONVERSION = YES;
				GCC_WARN_ABOUT_RETURN_TYPE = YES_ERROR;
				GCC_WARN_UNDECLARED_SELECTOR = YES;
				GCC_WARN_UNINITIALIZED_AUTOS = YES_AGGRESSIVE;
				GCC_WARN_UNUSED_FUNCTION = YES;
				GCC_WARN_UNUSED_VARIABLE = YES;
				IPHONEOS_DEPLOYMENT_TARGET = 8.0;
				MTL_ENABLE_DEBUG_INFO = NO;
				SDKROOT = iphoneos;
				VALIDATE_PRODUCT = YES;
			};
			name = Release;
		};
		48883BF81A17BD4F00175A9E /* Debug */ = {
			isa = XCBuildConfiguration;
			buildSettings = {
				ASSETCATALOG_COMPILER_APPICON_NAME = AppIcon;
				INFOPLIST_FILE = HelloWord2Example/Info.plist;
				LD_RUNPATH_SEARCH_PATHS = "$(inherited) @executable_path/Frameworks";
				PRODUCT_NAME = "$(TARGET_NAME)";
			};
			name = Debug;
		};
		48883BF91A17BD4F00175A9E /* Release */ = {
			isa = XCBuildConfiguration;
			buildSettings = {
				ASSETCATALOG_COMPILER_APPICON_NAME = AppIcon;
				INFOPLIST_FILE = HelloWord2Example/Info.plist;
				LD_RUNPATH_SEARCH_PATHS = "$(inherited) @executable_path/Frameworks";
				PRODUCT_NAME = "$(TARGET_NAME)";
			};
			name = Release;
		};
		48883BFB1A17BD4F00175A9E /* Debug */ = {
			isa = XCBuildConfiguration;
			buildSettings = {
				BUNDLE_LOADER = "$(TEST_HOST)";
				FRAMEWORK_SEARCH_PATHS = (
					"$(SDKROOT)/Developer/Library/Frameworks",
					"$(inherited)",
				);
				GCC_PREPROCESSOR_DEFINITIONS = (
					"DEBUG=1",
					"$(inherited)",
				);
				INFOPLIST_FILE = HelloWord2ExampleTests/Info.plist;
				LD_RUNPATH_SEARCH_PATHS = "$(inherited) @executable_path/Frameworks @loader_path/Frameworks";
				PRODUCT_NAME = "$(TARGET_NAME)";
				TEST_HOST = "$(BUILT_PRODUCTS_DIR)/HelloWord2Example.app/HelloWord2Example";
			};
			name = Debug;
		};
		48883BFC1A17BD4F00175A9E /* Release */ = {
			isa = XCBuildConfiguration;
			buildSettings = {
				BUNDLE_LOADER = "$(TEST_HOST)";
				FRAMEWORK_SEARCH_PATHS = (
					"$(SDKROOT)/Developer/Library/Frameworks",
					"$(inherited)",
				);
				INFOPLIST_FILE = HelloWord2ExampleTests/Info.plist;
				LD_RUNPATH_SEARCH_PATHS = "$(inherited) @executable_path/Frameworks @loader_path/Frameworks";
				PRODUCT_NAME = "$(TARGET_NAME)";
				TEST_HOST = "$(BUILT_PRODUCTS_DIR)/HelloWord2Example.app/HelloWord2Example";
			};
			name = Release;
		};
/* End XCBuildConfiguration section */

/* Begin XCConfigurationList section */
		48883BCF1A17BD4F00175A9E /* Build configuration list for PBXProject "HelloWord2Example" */ = {
			isa = XCConfigurationList;
			buildConfigurations = (
				48883BF51A17BD4F00175A9E /* Debug */,
				48883BF61A17BD4F00175A9E /* Release */,
			);
			defaultConfigurationIsVisible = 0;
			defaultConfigurationName = Release;
		};
		48883BF71A17BD4F00175A9E /* Build configuration list for PBXNativeTarget "HelloWord2Example" */ = {
			isa = XCConfigurationList;
			buildConfigurations = (
				48883BF81A17BD4F00175A9E /* Debug */,
				48883BF91A17BD4F00175A9E /* Release */,
			);
			defaultConfigurationIsVisible = 0;
		};
		48883BFA1A17BD4F00175A9E /* Build configuration list for PBXNativeTarget "HelloWord2ExampleTests" */ = {
			isa = XCConfigurationList;
			buildConfigurations = (
				48883BFB1A17BD4F00175A9E /* Debug */,
				48883BFC1A17BD4F00175A9E /* Release */,
			);
			defaultConfigurationIsVisible = 0;
		};
/* End XCConfigurationList section */
	};
	rootObject = 48883BCC1A17BD4F00175A9E /* Project object */;
}
